
Microsoft Visual Studio Solution File, Format Version 12.00
# Visual Studio Version 17
VisualStudioVersion = 17.5.33516.290
MinimumVisualStudioVersion = 10.0.40219.1
Project("{9A19103F-16F7-4668-BE54-9A1E7A4F7556}") = "operadoresrelacionais.app", "operadoresrelacionais.app\operadoresrelacionais.app.csproj", "{11D00E43-9FA4-4C6A-8EE7-5CC1BA7C97B0}"
EndProject
Project("{9A19103F-16F7-4668-BE54-9A1E7A4F7556}") = "operadoreslogicos", "operadoreslogicos\operadoreslogicos.csproj", "{22E3A460-9DD9-4D5E-A2FD-28F3E9DA6124}"
EndProject
Project("{9A19103F-16F7-4668-BE54-9A1E7A4F7556}") = "operadorternario.app", "operadorternario.app\operadorternario.app.csproj", "{C64F2F50-12AD-4D5D-9B6A-C73A93404A32}"
EndProject
Project("{9A19103F-16F7-4668-BE54-9A1E7A4F7556}") = "tiposdados.app", "tiposdados.app\tiposdados.app.csproj", "{FEB50558-490B-4C5C-93DB-3DEEEE81DEA2}"
EndProject
Project("{9A19103F-16F7-4668-BE54-9A1E7A4F7556}") = "operadoresmatematicos.app", "operadoresmatematicos.app\operadoresmatematicos.app.csproj", "{13477C4F-E106-4507-9343-247007773486}"
EndProject
Project("{9A19103F-16F7-4668-BE54-9A1E7A4F7556}") = "funcional.app", "funcional.app\funcional.app.csproj", "{7B77F6D6-E5F9-4C79-94C5-85AB80F6FA5A}"
EndProject
Project("{FAE04EC0-301F-11D3-BF4B-00C04F79EFBC}") = "colecoes.app", "colecoes.app\colecoes.app.csproj", "{AE30BCD4-D093-40BF-A32B-2B2E81B4672C}"
EndProject
Global
	GlobalSection(SolutionConfigurationPlatforms) = preSolution
		Debug|Any CPU = Debug|Any CPU
		Release|Any CPU = Release|Any CPU
	EndGlobalSection
	GlobalSection(ProjectConfigurationPlatforms) = postSolution
		{11D00E43-9FA4-4C6A-8EE7-5CC1BA7C97B0}.Debug|Any CPU.ActiveCfg = Debug|Any CPU
		{11D00E43-9FA4-4C6A-8EE7-5CC1BA7C97B0}.Debug|Any CPU.Build.0 = Debug|Any CPU
		{11D00E43-9FA4-4C6A-8EE7-5CC1BA7C97B0}.Release|Any CPU.ActiveCfg = Release|Any CPU
		{11D00E43-9FA4-4C6A-8EE7-5CC1BA7C97B0}.Release|Any CPU.Build.0 = Release|Any CPU
		{22E3A460-9DD9-4D5E-A2FD-28F3E9DA6124}.Debug|Any CPU.ActiveCfg = Debug|Any CPU
		{22E3A460-9DD9-4D5E-A2FD-28F3E9DA6124}.Debug|Any CPU.Build.0 = Debug|Any CPU
		{22E3A460-9DD9-4D5E-A2FD-28F3E9DA6124}.Release|Any CPU.ActiveCfg = Release|Any CPU
		{22E3A460-9DD9-4D5E-A2FD-28F3E9DA6124}.Release|Any CPU.Build.0 = Release|Any CPU
		{C64F2F50-12AD-4D5D-9B6A-C73A93404A32}.Debug|Any CPU.ActiveCfg = Debug|Any CPU
		{C64F2F50-12AD-4D5D-9B6A-C73A93404A32}.Debug|Any CPU.Build.0 = Debug|Any CPU
		{C64F2F50-12AD-4D5D-9B6A-C73A93404A32}.Release|Any CPU.ActiveCfg = Release|Any CPU
		{C64F2F50-12AD-4D5D-9B6A-C73A93404A32}.Release|Any CPU.Build.0 = Release|Any CPU
		{FEB50558-490B-4C5C-93DB-3DEEEE81DEA2}.Debug|Any CPU.ActiveCfg = Debug|Any CPU
		{FEB50558-490B-4C5C-93DB-3DEEEE81DEA2}.Debug|Any CPU.Build.0 = Debug|Any CPU
		{FEB50558-490B-4C5C-93DB-3DEEEE81DEA2}.Release|Any CPU.ActiveCfg = Release|Any CPU
		{FEB50558-490B-4C5C-93DB-3DEEEE81DEA2}.Release|Any CPU.Build.0 = Release|Any CPU
		{13477C4F-E106-4507-9343-247007773486}.Debug|Any CPU.ActiveCfg = Debug|Any CPU
		{13477C4F-E106-4507-9343-247007773486}.Debug|Any CPU.Build.0 = Debug|Any CPU
		{13477C4F-E106-4507-9343-247007773486}.Release|Any CPU.ActiveCfg = Release|Any CPU
		{13477C4F-E106-4507-9343-247007773486}.Release|Any CPU.Build.0 = Release|Any CPU
		{7B77F6D6-E5F9-4C79-94C5-85AB80F6FA5A}.Debug|Any CPU.ActiveCfg = Debug|Any CPU
		{7B77F6D6-E5F9-4C79-94C5-85AB80F6FA5A}.Debug|Any CPU.Build.0 = Debug|Any CPU
		{7B77F6D6-E5F9-4C79-94C5-85AB80F6FA5A}.Release|Any CPU.ActiveCfg = Release|Any CPU
		{7B77F6D6-E5F9-4C79-94C5-85AB80F6FA5A}.Release|Any CPU.Build.0 = Release|Any CPU
		{AE30BCD4-D093-40BF-A32B-2B2E81B4672C}.Debug|Any CPU.ActiveCfg = Debug|Any CPU
		{AE30BCD4-D093-40BF-A32B-2B2E81B4672C}.Debug|Any CPU.Build.0 = Debug|Any CPU
		{AE30BCD4-D093-40BF-A32B-2B2E81B4672C}.Release|Any CPU.ActiveCfg = Release|Any CPU
		{AE30BCD4-D093-40BF-A32B-2B2E81B4672C}.Release|Any CPU.Build.0 = Release|Any CPU
	EndGlobalSection
	GlobalSection(SolutionProperties) = preSolution
		HideSolutionNode = FALSE
	EndGlobalSection
	GlobalSection(ExtensibilityGlobals) = postSolution
		SolutionGuid = {12DCF746-071C-4768-8FA1-B264F1501EE0}
	EndGlobalSection
EndGlobal
